
Microsoft Visual Studio Solution File, Format Version 12.00
# Visual Studio Version 17
VisualStudioVersion = 17.4.33213.308
MinimumVisualStudioVersion = 10.0.40219.1
Project("{FAE04EC0-301F-11D3-BF4B-00C04F79EFBC}") = "LibraryApp", "LibraryApp\LibraryApp.csproj", "{7B056C4D-7267-45FE-8D25-CE7A41B595AA}"
EndProject
Global
	GlobalSection(SolutionConfigurationPlatforms) = preSolution
		Debug|Any CPU = Debug|Any CPU
		Release|Any CPU = Release|Any CPU
	EndGlobalSection
	GlobalSection(ProjectConfigurationPlatforms) = postSolution
		{7B056C4D-7267-45FE-8D25-CE7A41B595AA}.Debug|Any CPU.ActiveCfg = Debug|Any CPU
		{7B056C4D-7267-45FE-8D25-CE7A41B595AA}.Debug|Any CPU.Build.0 = Debug|Any CPU
		{7B056C4D-7267-45FE-8D25-CE7A41B595AA}.Release|Any CPU.ActiveCfg = Release|Any CPU
		{7B056C4D-7267-45FE-8D25-CE7A41B595AA}.Release|Any CPU.Build.0 = Release|Any CPU
	EndGlobalSection
	GlobalSection(SolutionProperties) = preSolution
		HideSolutionNode = FALSE
	EndGlobalSection
	GlobalSection(ExtensibilityGlobals) = postSolution
		SolutionGuid = {C67CE847-069D-45DC-B0DF-350765F8DE53}
	EndGlobalSection
EndGlobal
